
Microsoft Visual Studio Solution File, Format Version 12.00
# Visual Studio Version 16
VisualStudioVersion = 16.0.31624.102
MinimumVisualStudioVersion = 10.0.40219.1
Project("{9A19103F-16F7-4668-BE54-9A1E7A4F7556}") = "NetCoreIdentityExample", "NetCoreIdentityExample\NetCoreIdentityExample.csproj", "{1EF5E85C-D217-4F04-9F26-96773345E9D7}"
EndProject
Global
	GlobalSection(SolutionConfigurationPlatforms) = preSolution
		Debug|Any CPU = Debug|Any CPU
		Release|Any CPU = Release|Any CPU
	EndGlobalSection
	GlobalSection(ProjectConfigurationPlatforms) = postSolution
		{1EF5E85C-D217-4F04-9F26-96773345E9D7}.Debug|Any CPU.ActiveCfg = Debug|Any CPU
		{1EF5E85C-D217-4F04-9F26-96773345E9D7}.Debug|Any CPU.Build.0 = Debug|Any CPU
		{1EF5E85C-D217-4F04-9F26-96773345E9D7}.Release|Any CPU.ActiveCfg = Release|Any CPU
		{1EF5E85C-D217-4F04-9F26-96773345E9D7}.Release|Any CPU.Build.0 = Release|Any CPU
	EndGlobalSection
	GlobalSection(SolutionProperties) = preSolution
		HideSolutionNode = FALSE
	EndGlobalSection
	GlobalSection(ExtensibilityGlobals) = postSolution
		RESX_NeutralResourcesLanguage = en-US
		SolutionGuid = {3C4263EF-EE0B-4B19-9D67-FDFF1026409E}
	EndGlobalSection
EndGlobal
